
Microsoft Visual Studio Solution File, Format Version 12.00
# Visual Studio Version 17
VisualStudioVersion = 17.6.33712.159
MinimumVisualStudioVersion = 10.0.40219.1
Project("{9A19103F-16F7-4668-BE54-9A1E7A4F7556}") = "Application", "Application\Application.csproj", "{7269C4E8-BE41-47C9-AAB9-E66ADA404A8B}"
EndProject
Project("{9A19103F-16F7-4668-BE54-9A1E7A4F7556}") = "Domain", "Domain\Domain.csproj", "{EAFC5EBC-07FD-49AF-A6DD-62B5661E5A62}"
EndProject
Project("{9A19103F-16F7-4668-BE54-9A1E7A4F7556}") = "Infrastructure", "Infrastrusture\Infrastructure.csproj", "{D9CD07EF-C17E-4423-9CE7-CF75A90CA4E6}"
EndProject
Project("{9A19103F-16F7-4668-BE54-9A1E7A4F7556}") = "API", "API\API.csproj", "{F8C1D1EF-9E5B-4771-AC01-93B530583972}"
EndProject
Project("{FAE04EC0-301F-11D3-BF4B-00C04F79EFBC}") = "ProjecTests", "ProjecTests\ProjecTests.csproj", "{EBB40189-3147-4E73-8C23-6903670F87E2}"
EndProject
Global
	GlobalSection(SolutionConfigurationPlatforms) = preSolution
		Debug|Any CPU = Debug|Any CPU
		Release|Any CPU = Release|Any CPU
	EndGlobalSection
	GlobalSection(ProjectConfigurationPlatforms) = postSolution
		{7269C4E8-BE41-47C9-AAB9-E66ADA404A8B}.Debug|Any CPU.ActiveCfg = Debug|Any CPU
		{7269C4E8-BE41-47C9-AAB9-E66ADA404A8B}.Debug|Any CPU.Build.0 = Debug|Any CPU
		{7269C4E8-BE41-47C9-AAB9-E66ADA404A8B}.Release|Any CPU.ActiveCfg = Release|Any CPU
		{7269C4E8-BE41-47C9-AAB9-E66ADA404A8B}.Release|Any CPU.Build.0 = Release|Any CPU
		{EAFC5EBC-07FD-49AF-A6DD-62B5661E5A62}.Debug|Any CPU.ActiveCfg = Debug|Any CPU
		{EAFC5EBC-07FD-49AF-A6DD-62B5661E5A62}.Debug|Any CPU.Build.0 = Debug|Any CPU
		{EAFC5EBC-07FD-49AF-A6DD-62B5661E5A62}.Release|Any CPU.ActiveCfg = Release|Any CPU
		{EAFC5EBC-07FD-49AF-A6DD-62B5661E5A62}.Release|Any CPU.Build.0 = Release|Any CPU
		{D9CD07EF-C17E-4423-9CE7-CF75A90CA4E6}.Debug|Any CPU.ActiveCfg = Debug|Any CPU
		{D9CD07EF-C17E-4423-9CE7-CF75A90CA4E6}.Debug|Any CPU.Build.0 = Debug|Any CPU
		{D9CD07EF-C17E-4423-9CE7-CF75A90CA4E6}.Release|Any CPU.ActiveCfg = Release|Any CPU
		{D9CD07EF-C17E-4423-9CE7-CF75A90CA4E6}.Release|Any CPU.Build.0 = Release|Any CPU
		{F8C1D1EF-9E5B-4771-AC01-93B530583972}.Debug|Any CPU.ActiveCfg = Debug|Any CPU
		{F8C1D1EF-9E5B-4771-AC01-93B530583972}.Debug|Any CPU.Build.0 = Debug|Any CPU
		{F8C1D1EF-9E5B-4771-AC01-93B530583972}.Release|Any CPU.ActiveCfg = Release|Any CPU
		{F8C1D1EF-9E5B-4771-AC01-93B530583972}.Release|Any CPU.Build.0 = Release|Any CPU
		{EBB40189-3147-4E73-8C23-6903670F87E2}.Debug|Any CPU.ActiveCfg = Debug|Any CPU
		{EBB40189-3147-4E73-8C23-6903670F87E2}.Debug|Any CPU.Build.0 = Debug|Any CPU
		{EBB40189-3147-4E73-8C23-6903670F87E2}.Release|Any CPU.ActiveCfg = Release|Any CPU
		{EBB40189-3147-4E73-8C23-6903670F87E2}.Release|Any CPU.Build.0 = Release|Any CPU
	EndGlobalSection
	GlobalSection(SolutionProperties) = preSolution
		HideSolutionNode = FALSE
	EndGlobalSection
	GlobalSection(ExtensibilityGlobals) = postSolution
		SolutionGuid = {30E94952-0C8B-4846-8A0A-5CFD6646C124}
	EndGlobalSection
EndGlobal
